
Microsoft Visual Studio Solution File, Format Version 12.00
# Visual Studio Version 17
VisualStudioVersion = 17.5.33424.131
MinimumVisualStudioVersion = 10.0.40219.1
Project("{FAE04EC0-301F-11D3-BF4B-00C04F79EFBC}") = "HacerRankProblemSolving", "HacerRankProblemSolving\HacerRankProblemSolving.csproj", "{5D8BB8BE-AD44-4A1B-A2C9-BE3433B32C3D}"
EndProject
Global
	GlobalSection(SolutionConfigurationPlatforms) = preSolution
		Debug|Any CPU = Debug|Any CPU
		Release|Any CPU = Release|Any CPU
	EndGlobalSection
	GlobalSection(ProjectConfigurationPlatforms) = postSolution
		{5D8BB8BE-AD44-4A1B-A2C9-BE3433B32C3D}.Debug|Any CPU.ActiveCfg = Debug|Any CPU
		{5D8BB8BE-AD44-4A1B-A2C9-BE3433B32C3D}.Debug|Any CPU.Build.0 = Debug|Any CPU
		{5D8BB8BE-AD44-4A1B-A2C9-BE3433B32C3D}.Release|Any CPU.ActiveCfg = Release|Any CPU
		{5D8BB8BE-AD44-4A1B-A2C9-BE3433B32C3D}.Release|Any CPU.Build.0 = Release|Any CPU
	EndGlobalSection
	GlobalSection(SolutionProperties) = preSolution
		HideSolutionNode = FALSE
	EndGlobalSection
	GlobalSection(ExtensibilityGlobals) = postSolution
		SolutionGuid = {2C121BB3-6AC3-4AA3-9EC3-041CC18494F9}
	EndGlobalSection
EndGlobal
